
Microsoft Visual Studio Solution File, Format Version 12.00
# Visual Studio Version 16
VisualStudioVersion = 16.0.31624.102
MinimumVisualStudioVersion = 10.0.40219.1
Project("{FAE04EC0-301F-11D3-BF4B-00C04F79EFBC}") = "ProjektWPF", "ProjektWPF\ProjektWPF.csproj", "{76015F3F-03A2-4537-B6FF-F11087A248AB}"
EndProject
Global
	GlobalSection(SolutionConfigurationPlatforms) = preSolution
		Debug|Any CPU = Debug|Any CPU
		Release|Any CPU = Release|Any CPU
	EndGlobalSection
	GlobalSection(ProjectConfigurationPlatforms) = postSolution
		{76015F3F-03A2-4537-B6FF-F11087A248AB}.Debug|Any CPU.ActiveCfg = Debug|Any CPU
		{76015F3F-03A2-4537-B6FF-F11087A248AB}.Debug|Any CPU.Build.0 = Debug|Any CPU
		{76015F3F-03A2-4537-B6FF-F11087A248AB}.Release|Any CPU.ActiveCfg = Release|Any CPU
		{76015F3F-03A2-4537-B6FF-F11087A248AB}.Release|Any CPU.Build.0 = Release|Any CPU
	EndGlobalSection
	GlobalSection(SolutionProperties) = preSolution
		HideSolutionNode = FALSE
	EndGlobalSection
	GlobalSection(ExtensibilityGlobals) = postSolution
		SolutionGuid = {F2533359-F04C-49E4-9F65-0B0A5E20801B}
	EndGlobalSection
EndGlobal
